
Microsoft Visual Studio Solution File, Format Version 12.00
# Visual Studio 15
VisualStudioVersion = 15.0.27130.2010
MinimumVisualStudioVersion = 10.0.40219.1
Project("{FAE04EC0-301F-11D3-BF4B-00C04F79EFBC}") = "Dispatch", "Dispatch\Dispatch.csproj", "{82578981-92FD-45A6-A3BD-BF4BA9759234}"
EndProject
Project("{FAE04EC0-301F-11D3-BF4B-00C04F79EFBC}") = "Messages", "Messages\Messages.csproj", "{2F1246E8-320A-45FB-8808-EDC75B0AFB07}"
EndProject
Project("{FAE04EC0-301F-11D3-BF4B-00C04F79EFBC}") = "Actor", "Actor\Actor.csproj", "{9E90C6AC-DA14-4F31-805E-DF77A3B5CB0E}"
EndProject
Global
	GlobalSection(SolutionConfigurationPlatforms) = preSolution
		Debug|Any CPU = Debug|Any CPU
		Release|Any CPU = Release|Any CPU
	EndGlobalSection
	GlobalSection(ProjectConfigurationPlatforms) = postSolution
		{82578981-92FD-45A6-A3BD-BF4BA9759234}.Debug|Any CPU.ActiveCfg = Debug|Any CPU
		{82578981-92FD-45A6-A3BD-BF4BA9759234}.Debug|Any CPU.Build.0 = Debug|Any CPU
		{82578981-92FD-45A6-A3BD-BF4BA9759234}.Release|Any CPU.ActiveCfg = Release|Any CPU
		{82578981-92FD-45A6-A3BD-BF4BA9759234}.Release|Any CPU.Build.0 = Release|Any CPU
		{2F1246E8-320A-45FB-8808-EDC75B0AFB07}.Debug|Any CPU.ActiveCfg = Debug|Any CPU
		{2F1246E8-320A-45FB-8808-EDC75B0AFB07}.Debug|Any CPU.Build.0 = Debug|Any CPU
		{2F1246E8-320A-45FB-8808-EDC75B0AFB07}.Release|Any CPU.ActiveCfg = Release|Any CPU
		{2F1246E8-320A-45FB-8808-EDC75B0AFB07}.Release|Any CPU.Build.0 = Release|Any CPU
		{9E90C6AC-DA14-4F31-805E-DF77A3B5CB0E}.Debug|Any CPU.ActiveCfg = Debug|Any CPU
		{9E90C6AC-DA14-4F31-805E-DF77A3B5CB0E}.Debug|Any CPU.Build.0 = Debug|Any CPU
		{9E90C6AC-DA14-4F31-805E-DF77A3B5CB0E}.Release|Any CPU.ActiveCfg = Release|Any CPU
		{9E90C6AC-DA14-4F31-805E-DF77A3B5CB0E}.Release|Any CPU.Build.0 = Release|Any CPU
	EndGlobalSection
	GlobalSection(SolutionProperties) = preSolution
		HideSolutionNode = FALSE
	EndGlobalSection
	GlobalSection(ExtensibilityGlobals) = postSolution
		SolutionGuid = {3FAD7158-7DB1-445B-B3CE-8B83D8729274}
	EndGlobalSection
EndGlobal
